
Microsoft Visual Studio Solution File, Format Version 12.00
# Visual Studio Version 16
VisualStudioVersion = 16.0.30621.155
MinimumVisualStudioVersion = 10.0.40219.1
Project("{FAE04EC0-301F-11D3-BF4B-00C04F79EFBC}") = "TheNextCar", "TheNextCar\TheNextCar.csproj", "{0AB2DA8C-71A3-4003-AC4E-AFC7E6BF1B69}"
EndProject
Global
	GlobalSection(SolutionConfigurationPlatforms) = preSolution
		Debug|Any CPU = Debug|Any CPU
		Release|Any CPU = Release|Any CPU
	EndGlobalSection
	GlobalSection(ProjectConfigurationPlatforms) = postSolution
		{0AB2DA8C-71A3-4003-AC4E-AFC7E6BF1B69}.Debug|Any CPU.ActiveCfg = Debug|Any CPU
		{0AB2DA8C-71A3-4003-AC4E-AFC7E6BF1B69}.Debug|Any CPU.Build.0 = Debug|Any CPU
		{0AB2DA8C-71A3-4003-AC4E-AFC7E6BF1B69}.Release|Any CPU.ActiveCfg = Release|Any CPU
		{0AB2DA8C-71A3-4003-AC4E-AFC7E6BF1B69}.Release|Any CPU.Build.0 = Release|Any CPU
	EndGlobalSection
	GlobalSection(SolutionProperties) = preSolution
		HideSolutionNode = FALSE
	EndGlobalSection
	GlobalSection(ExtensibilityGlobals) = postSolution
		SolutionGuid = {A14BCCEB-4EA1-46B9-A97C-49BEA5B1B418}
	EndGlobalSection
EndGlobal
